
Microsoft Visual Studio Solution File, Format Version 12.00
# Visual Studio Version 17
VisualStudioVersion = 17.5.33627.172
MinimumVisualStudioVersion = 10.0.40219.1
Project("{9A19103F-16F7-4668-BE54-9A1E7A4F7556}") = "numsort", "numsort\numsort.csproj", "{3FB70AC8-069E-4420-B151-C5728BF6A3AB}"
EndProject
Project("{9A19103F-16F7-4668-BE54-9A1E7A4F7556}") = "cal", "cal\cal.csproj", "{39682015-7271-44AE-A463-6C51ED387F1E}"
EndProject
Project("{54435603-DBB4-11D2-8724-00A0C9A8B90C}") = "Setup", "Setup\Setup.vdproj", "{BACEFF44-2FE3-441B-BC6C-58970A567A81}"
EndProject
Global
	GlobalSection(SolutionConfigurationPlatforms) = preSolution
		Debug|Any CPU = Debug|Any CPU
		Release|Any CPU = Release|Any CPU
	EndGlobalSection
	GlobalSection(ProjectConfigurationPlatforms) = postSolution
		{3FB70AC8-069E-4420-B151-C5728BF6A3AB}.Debug|Any CPU.ActiveCfg = Debug|Any CPU
		{3FB70AC8-069E-4420-B151-C5728BF6A3AB}.Debug|Any CPU.Build.0 = Debug|Any CPU
		{3FB70AC8-069E-4420-B151-C5728BF6A3AB}.Release|Any CPU.ActiveCfg = Release|Any CPU
		{3FB70AC8-069E-4420-B151-C5728BF6A3AB}.Release|Any CPU.Build.0 = Release|Any CPU
		{39682015-7271-44AE-A463-6C51ED387F1E}.Debug|Any CPU.ActiveCfg = Debug|Any CPU
		{39682015-7271-44AE-A463-6C51ED387F1E}.Debug|Any CPU.Build.0 = Debug|Any CPU
		{39682015-7271-44AE-A463-6C51ED387F1E}.Release|Any CPU.ActiveCfg = Release|Any CPU
		{39682015-7271-44AE-A463-6C51ED387F1E}.Release|Any CPU.Build.0 = Release|Any CPU
		{BACEFF44-2FE3-441B-BC6C-58970A567A81}.Debug|Any CPU.ActiveCfg = Debug
		{BACEFF44-2FE3-441B-BC6C-58970A567A81}.Release|Any CPU.ActiveCfg = Release
	EndGlobalSection
	GlobalSection(SolutionProperties) = preSolution
		HideSolutionNode = FALSE
	EndGlobalSection
	GlobalSection(ExtensibilityGlobals) = postSolution
		SolutionGuid = {547A6D81-396F-401A-8B9D-EB0DCAF091BB}
	EndGlobalSection
EndGlobal
